
Microsoft Visual Studio Solution File, Format Version 12.00
# Visual Studio Version 16
VisualStudioVersion = 16.0.29806.167
MinimumVisualStudioVersion = 10.0.40219.1
Project("{FAE04EC0-301F-11D3-BF4B-00C04F79EFBC}") = "Host", "Host\Host.csproj", "{9FCA0576-0955-4A78-A312-959A80637F5C}"
EndProject
Global
	GlobalSection(SolutionConfigurationPlatforms) = preSolution
		Debug|Any CPU = Debug|Any CPU
		Release|Any CPU = Release|Any CPU
	EndGlobalSection
	GlobalSection(ProjectConfigurationPlatforms) = postSolution
		{9FCA0576-0955-4A78-A312-959A80637F5C}.Debug|Any CPU.ActiveCfg = Debug|Any CPU
		{9FCA0576-0955-4A78-A312-959A80637F5C}.Debug|Any CPU.Build.0 = Debug|Any CPU
		{9FCA0576-0955-4A78-A312-959A80637F5C}.Release|Any CPU.ActiveCfg = Release|Any CPU
		{9FCA0576-0955-4A78-A312-959A80637F5C}.Release|Any CPU.Build.0 = Release|Any CPU
	EndGlobalSection
	GlobalSection(SolutionProperties) = preSolution
		HideSolutionNode = FALSE
	EndGlobalSection
	GlobalSection(ExtensibilityGlobals) = postSolution
		SolutionGuid = {33F3ED79-6E4E-4D4B-8A6C-9ADDEA072D3A}
	EndGlobalSection
EndGlobal
